
Microsoft Visual Studio Solution File, Format Version 12.00
# Visual Studio Version 17
VisualStudioVersion = 17.13.35828.75 d17.13
MinimumVisualStudioVersion = 10.0.40219.1
Project("{FAE04EC0-301F-11D3-BF4B-00C04F79EFBC}") = "HealthCarePortal", "HealthCarePortal.csproj", "{F505D125-0693-4B91-A549-467F8D1DD85B}"
EndProject
Global
	GlobalSection(SolutionConfigurationPlatforms) = preSolution
		Debug|Any CPU = Debug|Any CPU
		Release|Any CPU = Release|Any CPU
	EndGlobalSection
	GlobalSection(ProjectConfigurationPlatforms) = postSolution
		{F505D125-0693-4B91-A549-467F8D1DD85B}.Debug|Any CPU.ActiveCfg = Debug|Any CPU
		{F505D125-0693-4B91-A549-467F8D1DD85B}.Debug|Any CPU.Build.0 = Debug|Any CPU
		{F505D125-0693-4B91-A549-467F8D1DD85B}.Release|Any CPU.ActiveCfg = Release|Any CPU
		{F505D125-0693-4B91-A549-467F8D1DD85B}.Release|Any CPU.Build.0 = Release|Any CPU
	EndGlobalSection
	GlobalSection(SolutionProperties) = preSolution
		HideSolutionNode = FALSE
	EndGlobalSection
	GlobalSection(ExtensibilityGlobals) = postSolution
		SolutionGuid = {2220E534-C9D5-41DF-A827-03F47B52861B}
	EndGlobalSection
EndGlobal
